{
  "name": "Build a Single Page Application Using UI5 Web Components for React",
  "lockfileVersion": 2,
  "requires": true,
  "packages": {
    "": {
      "dependencies": {
        "@ui5/webcomponents-react-base": "^1.0.1",
        "git": "^0.1.5"
      }
    },
    "node_modules/@types/trusted-types": {
      "version": "2.0.2",
      "resolved": "https://registry.npmjs.org/@types/trusted-types/-/trusted-types-2.0.2.tgz",
      "integrity": "sha512-F5DIZ36YVLE+PN+Zwws4kJogq47hNgX3Nx6WyDJ3kcplxyke3XIzB8uK5n/Lpm1HBsbGzd6nmGehL8cPekP+Tg==",
      "optional": true,
      "peer": true
    },
    "node_modules/@ui5/webcomponents-base": {
      "version": "1.7.1",
      "resolved": "https://registry.npmjs.org/@ui5/webcomponents-base/-/webcomponents-base-1.7.1.tgz",
      "integrity": "sha512-PRPn+EN2/bECrHaYZsDF9zlPDoBnXVf5WdxbZOo1aD9rtWe/YG9tS6hqHQZv/4R8Mp4QZ96oOL8zNwe2xEpE1Q==",
      "optional": true,
      "peer": true,
      "dependencies": {
        "lit-html": "^2.0.1"
      }
    },
    "node_modules/@ui5/webcomponents-react-base": {
      "version": "1.0.1",
      "resolved": "https://registry.npmjs.org/@ui5/webcomponents-react-base/-/webcomponents-react-base-1.0.1.tgz",
      "integrity": "sha512-ysBlkrSBqsYCH4EqyLF/zOaSayvAz/hqbbDqOn4+fc0cQr5lLi3PUvlmQuxfIOEoojsFZnfzbKoqcnM5iJ+Lyg==",
      "bin": {
        "ui5wcr-codemod": "bin/codemod.js"
      },
      "peerDependencies": {
        "@types/react": "*",
        "@ui5/webcomponents-base": "~1.7.1",
        "react": "^16.14.0 || ^17.0.0 || ^18.0.0"
      },
      "peerDependenciesMeta": {
        "@types/react": {
          "optional": true
        },
        "@ui5/webcomponents-base": {
          "optional": true
        }
      }
    },
    "node_modules/git": {
      "version": "0.1.5",
      "resolved": "https://registry.npmjs.org/git/-/git-0.1.5.tgz",
      "integrity": "sha512-N+bfOrXyKMU/fQtCj6D/U9MQOEN0DAA8TLHSLdUQRSWBOkeRvsjJHdrdkvcq05xO7GSDKWc3nDEGoTZ4DfCCSg==",
      "dependencies": {
        "mime": "1.2.9"
      },
      "engines": {
        "node": ">=0.4.0"
      }
    },
    "node_modules/js-tokens": {
      "version": "4.0.0",
      "resolved": "https://registry.npmjs.org/js-tokens/-/js-tokens-4.0.0.tgz",
      "integrity": "sha512-RdJUflcE3cUzKiMqQgsCu06FPu9UdIJO0beYbPhHN4k6apgJtifcoCtT9bcxOpYBtpD2kCM6Sbzg4CausW/PKQ==",
      "peer": true
    },
    "node_modules/lit-html": {
      "version": "2.3.1",
      "resolved": "https://registry.npmjs.org/lit-html/-/lit-html-2.3.1.tgz",
      "integrity": "sha512-FyKH6LTW6aBdkfNhNSHyZTnLgJSTe5hMk7HFtc/+DcN1w74C215q8B+Cfxc2OuIEpBNcEKxgF64qL8as30FDHA==",
      "optional": true,
      "peer": true,
      "dependencies": {
        "@types/trusted-types": "^2.0.2"
      }
    },
    "node_modules/loose-envify": {
      "version": "1.4.0",
      "resolved": "https://registry.npmjs.org/loose-envify/-/loose-envify-1.4.0.tgz",
      "integrity": "sha512-lyuxPGr/Wfhrlem2CL/UcnUc1zcqKAImBDzukY7Y5F/yQiNdko6+fRLevlw1HgMySw7f611UIY408EtxRSoK3Q==",
      "peer": true,
      "dependencies": {
        "js-tokens": "^3.0.0 || ^4.0.0"
      },
      "bin": {
        "loose-envify": "cli.js"
      }
    },
    "node_modules/mime": {
      "version": "1.2.9",
      "resolved": "https://registry.npmjs.org/mime/-/mime-1.2.9.tgz",
      "integrity": "sha512-WiLgbHTIq5AYUvU/Luli4mZ1bUcHpGNHyCsbl+KPMg4zt+XUDpQehWjuBjdLaEvDTinvKj/FgfQt3fPoT7j08g=="
    },
    "node_modules/react": {
      "version": "18.2.0",
      "resolved": "https://registry.npmjs.org/react/-/react-18.2.0.tgz",
      "integrity": "sha512-/3IjMdb2L9QbBdWiW5e3P2/npwMBaU9mHCSCUzNln0ZCYbcfTsGbTJrU/kGemdH2IWmB2ioZ+zkxtmq6g09fGQ==",
      "peer": true,
      "dependencies": {
        "loose-envify": "^1.1.0"
      },
      "engines": {
        "node": ">=0.10.0"
      }
    }
  },
  "dependencies": {
    "@types/trusted-types": {
      "version": "2.0.2",
      "resolved": "https://registry.npmjs.org/@types/trusted-types/-/trusted-types-2.0.2.tgz",
      "integrity": "sha512-F5DIZ36YVLE+PN+Zwws4kJogq47hNgX3Nx6WyDJ3kcplxyke3XIzB8uK5n/Lpm1HBsbGzd6nmGehL8cPekP+Tg==",
      "optional": true,
      "peer": true
    },
    "@ui5/webcomponents-base": {
      "version": "1.7.1",
      "resolved": "https://registry.npmjs.org/@ui5/webcomponents-base/-/webcomponents-base-1.7.1.tgz",
      "integrity": "sha512-PRPn+EN2/bECrHaYZsDF9zlPDoBnXVf5WdxbZOo1aD9rtWe/YG9tS6hqHQZv/4R8Mp4QZ96oOL8zNwe2xEpE1Q==",
      "optional": true,
      "peer": true,
      "requires": {
        "lit-html": "^2.0.1"
      }
    },
    "@ui5/webcomponents-react-base": {
      "version": "1.0.1",
      "resolved": "https://registry.npmjs.org/@ui5/webcomponents-react-base/-/webcomponents-react-base-1.0.1.tgz",
      "integrity": "sha512-ysBlkrSBqsYCH4EqyLF/zOaSayvAz/hqbbDqOn4+fc0cQr5lLi3PUvlmQuxfIOEoojsFZnfzbKoqcnM5iJ+Lyg==",
      "requires": {}
    },
    "git": {
      "version": "0.1.5",
      "resolved": "https://registry.npmjs.org/git/-/git-0.1.5.tgz",
      "integrity": "sha512-N+bfOrXyKMU/fQtCj6D/U9MQOEN0DAA8TLHSLdUQRSWBOkeRvsjJHdrdkvcq05xO7GSDKWc3nDEGoTZ4DfCCSg==",
      "requires": {
        "mime": "1.2.9"
      }
    },
    "js-tokens": {
      "version": "4.0.0",
      "resolved": "https://registry.npmjs.org/js-tokens/-/js-tokens-4.0.0.tgz",
      "integrity": "sha512-RdJUflcE3cUzKiMqQgsCu06FPu9UdIJO0beYbPhHN4k6apgJtifcoCtT9bcxOpYBtpD2kCM6Sbzg4CausW/PKQ==",
      "peer": true
    },
    "lit-html": {
      "version": "2.3.1",
      "resolved": "https://registry.npmjs.org/lit-html/-/lit-html-2.3.1.tgz",
      "integrity": "sha512-FyKH6LTW6aBdkfNhNSHyZTnLgJSTe5hMk7HFtc/+DcN1w74C215q8B+Cfxc2OuIEpBNcEKxgF64qL8as30FDHA==",
      "optional": true,
      "peer": true,
      "requires": {
        "@types/trusted-types": "^2.0.2"
      }
    },
    "loose-envify": {
      "version": "1.4.0",
      "resolved": "https://registry.npmjs.org/loose-envify/-/loose-envify-1.4.0.tgz",
      "integrity": "sha512-lyuxPGr/Wfhrlem2CL/UcnUc1zcqKAImBDzukY7Y5F/yQiNdko6+fRLevlw1HgMySw7f611UIY408EtxRSoK3Q==",
      "peer": true,
      "requires": {
        "js-tokens": "^3.0.0 || ^4.0.0"
      }
    },
    "mime": {
      "version": "1.2.9",
      "resolved": "https://registry.npmjs.org/mime/-/mime-1.2.9.tgz",
      "integrity": "sha512-WiLgbHTIq5AYUvU/Luli4mZ1bUcHpGNHyCsbl+KPMg4zt+XUDpQehWjuBjdLaEvDTinvKj/FgfQt3fPoT7j08g=="
    },
    "react": {
      "version": "18.2.0",
      "resolved": "https://registry.npmjs.org/react/-/react-18.2.0.tgz",
      "integrity": "sha512-/3IjMdb2L9QbBdWiW5e3P2/npwMBaU9mHCSCUzNln0ZCYbcfTsGbTJrU/kGemdH2IWmB2ioZ+zkxtmq6g09fGQ==",
      "peer": true,
      "requires": {
        "loose-envify": "^1.1.0"
      }
    }
  }
}
